
Microsoft Visual Studio Solution File, Format Version 12.00
# Visual Studio Version 16
VisualStudioVersion = 16.0.32413.511
MinimumVisualStudioVersion = 10.0.40219.1
Project("{FAE04EC0-301F-11D3-BF4B-00C04F79EFBC}") = "MCModpackInstaller", "MCModpackInstaller\MCModpackInstaller.csproj", "{5ACFE8AA-178C-4075-89F6-4BBAF29AC08C}"
EndProject
Global
	GlobalSection(SolutionConfigurationPlatforms) = preSolution
		Debug|Any CPU = Debug|Any CPU
		Release|Any CPU = Release|Any CPU
	EndGlobalSection
	GlobalSection(ProjectConfigurationPlatforms) = postSolution
		{5ACFE8AA-178C-4075-89F6-4BBAF29AC08C}.Debug|Any CPU.ActiveCfg = Debug|Any CPU
		{5ACFE8AA-178C-4075-89F6-4BBAF29AC08C}.Debug|Any CPU.Build.0 = Debug|Any CPU
		{5ACFE8AA-178C-4075-89F6-4BBAF29AC08C}.Release|Any CPU.ActiveCfg = Release|Any CPU
		{5ACFE8AA-178C-4075-89F6-4BBAF29AC08C}.Release|Any CPU.Build.0 = Release|Any CPU
	EndGlobalSection
	GlobalSection(SolutionProperties) = preSolution
		HideSolutionNode = FALSE
	EndGlobalSection
	GlobalSection(ExtensibilityGlobals) = postSolution
		SolutionGuid = {8E5D903B-5E46-452D-8AC3-8C9B4520BAC8}
	EndGlobalSection
EndGlobal
